
Microsoft Visual Studio Solution File, Format Version 12.00
# Visual Studio Version 16
VisualStudioVersion = 16.0.29411.108
MinimumVisualStudioVersion = 10.0.40219.1
Project("{2150E333-8FDC-42A3-9474-1A3956D46DE8}") = "src", "src", "{F85CCDF3-6CBC-49CA-82A0-2229FF73056A}"
EndProject
Project("{2150E333-8FDC-42A3-9474-1A3956D46DE8}") = "Services", "Services", "{2BE58777-2DF7-46CD-BD1C-6F0C674CB70A}"
EndProject
Project("{2150E333-8FDC-42A3-9474-1A3956D46DE8}") = "Catalog", "Catalog", "{4C7B9474-419E-4CCA-8E4C-D9030858BF34}"
EndProject
Project("{9A19103F-16F7-4668-BE54-9A1E7A4F7556}") = "Catalog.API", "Services\Catalog\Catalog.API\Catalog.API.csproj", "{9281F4EE-0153-4F42-B3B3-EE152DE7191A}"
EndProject
Project("{2150E333-8FDC-42A3-9474-1A3956D46DE8}") = "BuildingBlocks", "BuildingBlocks", "{A551E937-ED04-4E93-B7AB-CA4D60833E55}"
EndProject
Project("{2150E333-8FDC-42A3-9474-1A3956D46DE8}") = "EventBusStuffs", "EventBusStuffs", "{8384F2BB-A0D0-4C18-98F8-3538D7410952}"
EndProject
Project("{9A19103F-16F7-4668-BE54-9A1E7A4F7556}") = "BusEvent", "BusEvent\BusEvent.csproj", "{7F9ACA4D-8DC9-4929-A978-35C6B36DA337}"
EndProject
Project("{FAE04EC0-301F-11D3-BF4B-00C04F79EFBC}") = "EventBusRabbitMQ", "EventBusRabbitMQ\EventBusRabbitMQ.csproj", "{4BA06ACC-C122-4E75-B79E-2A51FF216BEC}"
EndProject
Project("{FAE04EC0-301F-11D3-BF4B-00C04F79EFBC}") = "EventBusServiceBus", "EventBusServiceBus\EventBusServiceBus.csproj", "{CF96DCCB-A1CC-4446-8F5D-0D63753895EF}"
EndProject
Project("{FAE04EC0-301F-11D3-BF4B-00C04F79EFBC}") = "IntergrationEventLogEF", "BuildingBlocks\IntergrationEventLogEF\IntergrationEventLogEF.csproj", "{6EF860B1-D54C-4CA1-A8E2-D8680A391D04}"
EndProject
Global
	GlobalSection(SolutionConfigurationPlatforms) = preSolution
		Debug|Any CPU = Debug|Any CPU
		Release|Any CPU = Release|Any CPU
	EndGlobalSection
	GlobalSection(ProjectConfigurationPlatforms) = postSolution
		{9281F4EE-0153-4F42-B3B3-EE152DE7191A}.Debug|Any CPU.ActiveCfg = Debug|Any CPU
		{9281F4EE-0153-4F42-B3B3-EE152DE7191A}.Debug|Any CPU.Build.0 = Debug|Any CPU
		{9281F4EE-0153-4F42-B3B3-EE152DE7191A}.Release|Any CPU.ActiveCfg = Release|Any CPU
		{9281F4EE-0153-4F42-B3B3-EE152DE7191A}.Release|Any CPU.Build.0 = Release|Any CPU
		{7F9ACA4D-8DC9-4929-A978-35C6B36DA337}.Debug|Any CPU.ActiveCfg = Debug|Any CPU
		{7F9ACA4D-8DC9-4929-A978-35C6B36DA337}.Debug|Any CPU.Build.0 = Debug|Any CPU
		{7F9ACA4D-8DC9-4929-A978-35C6B36DA337}.Release|Any CPU.ActiveCfg = Release|Any CPU
		{7F9ACA4D-8DC9-4929-A978-35C6B36DA337}.Release|Any CPU.Build.0 = Release|Any CPU
		{4BA06ACC-C122-4E75-B79E-2A51FF216BEC}.Debug|Any CPU.ActiveCfg = Debug|Any CPU
		{4BA06ACC-C122-4E75-B79E-2A51FF216BEC}.Debug|Any CPU.Build.0 = Debug|Any CPU
		{4BA06ACC-C122-4E75-B79E-2A51FF216BEC}.Release|Any CPU.ActiveCfg = Release|Any CPU
		{4BA06ACC-C122-4E75-B79E-2A51FF216BEC}.Release|Any CPU.Build.0 = Release|Any CPU
		{CF96DCCB-A1CC-4446-8F5D-0D63753895EF}.Debug|Any CPU.ActiveCfg = Debug|Any CPU
		{CF96DCCB-A1CC-4446-8F5D-0D63753895EF}.Debug|Any CPU.Build.0 = Debug|Any CPU
		{CF96DCCB-A1CC-4446-8F5D-0D63753895EF}.Release|Any CPU.ActiveCfg = Release|Any CPU
		{CF96DCCB-A1CC-4446-8F5D-0D63753895EF}.Release|Any CPU.Build.0 = Release|Any CPU
		{6EF860B1-D54C-4CA1-A8E2-D8680A391D04}.Debug|Any CPU.ActiveCfg = Debug|Any CPU
		{6EF860B1-D54C-4CA1-A8E2-D8680A391D04}.Debug|Any CPU.Build.0 = Debug|Any CPU
		{6EF860B1-D54C-4CA1-A8E2-D8680A391D04}.Release|Any CPU.ActiveCfg = Release|Any CPU
		{6EF860B1-D54C-4CA1-A8E2-D8680A391D04}.Release|Any CPU.Build.0 = Release|Any CPU
	EndGlobalSection
	GlobalSection(SolutionProperties) = preSolution
		HideSolutionNode = FALSE
	EndGlobalSection
	GlobalSection(NestedProjects) = preSolution
		{2BE58777-2DF7-46CD-BD1C-6F0C674CB70A} = {F85CCDF3-6CBC-49CA-82A0-2229FF73056A}
		{4C7B9474-419E-4CCA-8E4C-D9030858BF34} = {2BE58777-2DF7-46CD-BD1C-6F0C674CB70A}
		{9281F4EE-0153-4F42-B3B3-EE152DE7191A} = {4C7B9474-419E-4CCA-8E4C-D9030858BF34}
		{A551E937-ED04-4E93-B7AB-CA4D60833E55} = {F85CCDF3-6CBC-49CA-82A0-2229FF73056A}
		{8384F2BB-A0D0-4C18-98F8-3538D7410952} = {A551E937-ED04-4E93-B7AB-CA4D60833E55}
		{7F9ACA4D-8DC9-4929-A978-35C6B36DA337} = {8384F2BB-A0D0-4C18-98F8-3538D7410952}
		{4BA06ACC-C122-4E75-B79E-2A51FF216BEC} = {8384F2BB-A0D0-4C18-98F8-3538D7410952}
		{CF96DCCB-A1CC-4446-8F5D-0D63753895EF} = {8384F2BB-A0D0-4C18-98F8-3538D7410952}
		{6EF860B1-D54C-4CA1-A8E2-D8680A391D04} = {8384F2BB-A0D0-4C18-98F8-3538D7410952}
	EndGlobalSection
	GlobalSection(ExtensibilityGlobals) = postSolution
		SolutionGuid = {92BF836A-1175-46C9-8415-550B451C036A}
	EndGlobalSection
EndGlobal
